schema: '2.0'
stages:
  data_ingestion:
    cmd: python src/data/data_ingestion.py
    deps:
    - path: src/data/data_ingestion.py
      hash: md5
      md5: bb90bfe1d3421ae80bc439a161d04e3e
      size: 3449
    params:
      params.yaml:
        data_ingestion.test_size: 0.3
    outs:
    - path: data/raw
      hash: md5
      md5: cdbc97ec2b63b571654ff33a9368f91e.dir
      size: 817597
      nfiles: 2
  data_preprocessing:
    cmd: python src/data/data_preprocessing.py
    deps:
    - path: data/raw
      hash: md5
      md5: cdbc97ec2b63b571654ff33a9368f91e.dir
      size: 817597
      nfiles: 2
    - path: src/data/data_preprocessing.py
      hash: md5
      md5: ae3f9d20bda110bcb3fd6863b7d86222
      size: 3895
    outs:
    - path: data/interim
      hash: md5
      md5: 18fffc5b5ef6b1a32b188b8ff200eeb3.dir
      size: 562257
      nfiles: 2
  model_building:
    cmd: python src/model/model_building.py
    deps:
    - path: data/processed
      hash: md5
      md5: 0a49db68cf667bba0a8834d10c35918b.dir
      size: 124566540
      nfiles: 2
    - path: src/model/model_building.py
      hash: md5
      md5: dd7b525654ae1171688a4c76682ba7e9
      size: 2344
    outs:
    - path: models/model.pkl
      hash: md5
      md5: 88fa9ea21e441df6387564262a894e72
      size: 48717
  model_evaluation:
    cmd: python src/model/model_evaluation.py
    deps:
    - path: models/model.pkl
      hash: md5
      md5: 88fa9ea21e441df6387564262a894e72
      size: 48717
    - path: src/model/model_evaluation.py
      hash: md5
      md5: ed8cd39fd01614bf29176f9e5b3f36d4
      size: 5650
    outs:
    - path: reports/experiment_info.json
      hash: md5
      md5: f1e734423a1941989f47507602032c68
      size: 79
    - path: reports/metrics.json
      hash: md5
      md5: d329018a26dc46a0662e8bafdc3432cf
      size: 140
  model_registration:
    cmd: python src/model/register_model.py
    deps:
    - path: reports/experiment_info.json
      hash: md5
      md5: f1e734423a1941989f47507602032c68
      size: 79
    - path: src/model/register_model.py
      hash: md5
      md5: 70cdeaa91874012fc24f7438ce0fa48e
      size: 2812
